// !$*UTF8*$!
{
	archiveVersion = 1;
	classes = {
	};
	objectVersion = 56;
	objects = {

/* Begin PBXBuildFile section */
		1E0362742DD2B4E0000A7252 /* *.openweathermap.org.cer in Resources */ = {isa = PBXBuildFile; fileRef = 1E0362732DD2B4E0000A7252 /* *.openweathermap.org.cer */; };
		1EB2766E2CB1BD880035D2EA /* Alamofire in Frameworks */ = {isa = PBXBuildFile; productRef = 1EB2766D2CB1BD880035D2EA /* Alamofire */; };
		1EB276732CB1BE000035D2EA /* TrustKit in Frameworks */ = {isa = PBXBuildFile; productRef = 1EB276722CB1BE000035D2EA /* TrustKit */; };
		1EB276772CB1BE000035D2EA /* TrustKitStatic in Frameworks */ = {isa = PBXBuildFile; productRef = 1EB276762CB1BE000035D2EA /* TrustKitStatic */; };
		1EB276792CB317BA0035D2EA /* CertificatePinner.swift in Sources */ = {isa = PBXBuildFile; fileRef = 1EB276782CB317BA0035D2EA /* CertificatePinner.swift */; };
		1EE1A5A92CB020C000B89E46 /* AppDelegate.swift in Sources */ = {isa = PBXBuildFile; fileRef = 1EE1A5A82CB020C000B89E46 /* AppDelegate.swift */; };
		1EE1A5AB2CB020C000B89E46 /* SceneDelegate.swift in Sources */ = {isa = PBXBuildFile; fileRef = 1EE1A5AA2CB020C000B89E46 /* SceneDelegate.swift */; };
		1EE1A5AD2CB020C000B89E46 /* ViewController.swift in Sources */ = {isa = PBXBuildFile; fileRef = 1EE1A5AC2CB020C000B89E46 /* ViewController.swift */; };
		1EE1A5B02CB020C000B89E46 /* Base in Resources */ = {isa = PBXBuildFile; fileRef = 1EE1A5AF2CB020C000B89E46 /* Base */; };
		1EE1A5B22CB020C200B89E46 /* Assets.xcassets in Resources */ = {isa = PBXBuildFile; fileRef = 1EE1A5B12CB020C200B89E46 /* Assets.xcassets */; };
		1EE1A5B52CB020C200B89E46 /* Base in Resources */ = {isa = PBXBuildFile; fileRef = 1EE1A5B42CB020C200B89E46 /* Base */; };
		1EE1A5C02CB020C200B89E46 /* SSL_PinningTests.swift in Sources */ = {isa = PBXBuildFile; fileRef = 1EE1A5BF2CB020C200B89E46 /* SSL_PinningTests.swift */; };
		1EE1A5CA2CB020C200B89E46 /* SSL_PinningUITests.swift in Sources */ = {isa = PBXBuildFile; fileRef = 1EE1A5C92CB020C200B89E46 /* SSL_PinningUITests.swift */; };
		1EE1A5CC2CB020C200B89E46 /* SSL_PinningUITestsLaunchTests.swift in Sources */ = {isa = PBXBuildFile; fileRef = 1EE1A5CB2CB020C200B89E46 /* SSL_PinningUITestsLaunchTests.swift */; };
		1EE1A5E42CB022A800B89E46 /* NetworkManagerAlamofire.swift in Sources */ = {isa = PBXBuildFile; fileRef = 1EE1A5E32CB022A800B89E46 /* NetworkManagerAlamofire.swift */; };
		1EE1A5E62CB0238F00B89E46 /* NetworkManagerURLSession.swift in Sources */ = {isa = PBXBuildFile; fileRef = 1EE1A5E52CB0238F00B89E46 /* NetworkManagerURLSession.swift */; };
		1EE1A5EB2CB025A300B89E46 /* WeatherModel.swift in Sources */ = {isa = PBXBuildFile; fileRef = 1EE1A5EA2CB025A300B89E46 /* WeatherModel.swift */; };
		1EE1A5EE2CB029BF00B89E46 /* Constants.swift in Sources */ = {isa = PBXBuildFile; fileRef = 1EE1A5ED2CB029BF00B89E46 /* Constants.swift */; };
		7E47E52DF0BF4909A9ABDE7E /* Pods_SSL_PinningTests.framework in Frameworks */ = {isa = PBXBuildFile; fileRef = 1406E68EF812562310179DC1 /* Pods_SSL_PinningTests.framework */; };
		8A65AEF097325D721E72A5A3 /* Pods_SSL_Pinning_SSL_PinningUITests.framework in Frameworks */ = {isa = PBXBuildFile; fileRef = 83A347ED3EC4B5E904797243 /* Pods_SSL_Pinning_SSL_PinningUITests.framework */; };
		8B6758D7E0658745945BB695 /* Pods_SSL_Pinning.framework in Frameworks */ = {isa = PBXBuildFile; fileRef = 8D9E6FFCBDCBCB5EFE3F2A48 /* Pods_SSL_Pinning.framework */; };
/* End PBXBuildFile section */

/* Begin PBXContainerItemProxy section */
		1EE1A5BC2CB020C200B89E46 /* PBXContainerItemProxy */ = {
			isa = PBXContainerItemProxy;
			containerPortal = 1EE1A59D2CB020C000B89E46 /* Project object */;
			proxyType = 1;
			remoteGlobalIDString = 1EE1A5A42CB020C000B89E46;
			remoteInfo = "SSL Pinning";
		};
		1EE1A5C62CB020C200B89E46 /* PBXContainerItemProxy */ = {
			isa = PBXContainerItemProxy;
			containerPortal = 1EE1A59D2CB020C000B89E46 /* Project object */;
			proxyType = 1;
			remoteGlobalIDString = 1EE1A5A42CB020C000B89E46;
			remoteInfo = "SSL Pinning";
		};
/* End PBXContainerItemProxy section */

/* Begin PBXFileReference section */
		1406E68EF812562310179DC1 /* Pods_SSL_PinningTests.framework */ = {isa = PBXFileReference; explicitFileType = wrapper.framework; includeInIndex = 0; path = Pods_SSL_PinningTests.framework; sourceTree = BUILT_PRODUCTS_DIR; };
		1E0362732DD2B4E0000A7252 /* *.openweathermap.org.cer */ = {isa = PBXFileReference; lastKnownFileType = file; path = "*.openweathermap.org.cer"; sourceTree = "<group>"; };
		1EB276782CB317BA0035D2EA /* CertificatePinner.swift */ = {isa = PBXFileReference; lastKnownFileType = sourcecode.swift; path = CertificatePinner.swift; sourceTree = "<group>"; };
		1EE1A5A52CB020C000B89E46 /* SSL Pinning.app */ = {isa = PBXFileReference; explicitFileType = wrapper.application; includeInIndex = 0; path = "SSL Pinning.app"; sourceTree = BUILT_PRODUCTS_DIR; };
		1EE1A5A82CB020C000B89E46 /* AppDelegate.swift */ = {isa = PBXFileReference; lastKnownFileType = sourcecode.swift; path = AppDelegate.swift; sourceTree = "<group>"; };
		1EE1A5AA2CB020C000B89E46 /* SceneDelegate.swift */ = {isa = PBXFileReference; lastKnownFileType = sourcecode.swift; path = SceneDelegate.swift; sourceTree = "<group>"; };
		1EE1A5AC2CB020C000B89E46 /* ViewController.swift */ = {isa = PBXFileReference; lastKnownFileType = sourcecode.swift; path = ViewController.swift; sourceTree = "<group>"; };
		1EE1A5AF2CB020C000B89E46 /* Base */ = {isa = PBXFileReference; lastKnownFileType = file.storyboard; name = Base; path = Base.lproj/Main.storyboard; sourceTree = "<group>"; };
		1EE1A5B12CB020C200B89E46 /* Assets.xcassets */ = {isa = PBXFileReference; lastKnownFileType = folder.assetcatalog; path = Assets.xcassets; sourceTree = "<group>"; };
		1EE1A5B42CB020C200B89E46 /* Base */ = {isa = PBXFileReference; lastKnownFileType = file.storyboard; name = Base; path = Base.lproj/LaunchScreen.storyboard; sourceTree = "<group>"; };
		1EE1A5B62CB020C200B89E46 /* Info.plist */ = {isa = PBXFileReference; lastKnownFileType = text.plist.xml; path = Info.plist; sourceTree = "<group>"; };
		1EE1A5BB2CB020C200B89E46 /* SSL PinningTests.xctest */ = {isa = PBXFileReference; explicitFileType = wrapper.cfbundle; includeInIndex = 0; path = "SSL PinningTests.xctest"; sourceTree = BUILT_PRODUCTS_DIR; };
		1EE1A5BF2CB020C200B89E46 /* SSL_PinningTests.swift */ = {isa = PBXFileReference; lastKnownFileType = sourcecode.swift; path = SSL_PinningTests.swift; sourceTree = "<group>"; };
		1EE1A5C52CB020C200B89E46 /* SSL PinningUITests.xctest */ = {isa = PBXFileReference; explicitFileType = wrapper.cfbundle; includeInIndex = 0; path = "SSL PinningUITests.xctest"; sourceTree = BUILT_PRODUCTS_DIR; };
		1EE1A5C92CB020C200B89E46 /* SSL_PinningUITests.swift */ = {isa = PBXFileReference; lastKnownFileType = sourcecode.swift; path = SSL_PinningUITests.swift; sourceTree = "<group>"; };
		1EE1A5CB2CB020C200B89E46 /* SSL_PinningUITestsLaunchTests.swift */ = {isa = PBXFileReference; lastKnownFileType = sourcecode.swift; path = SSL_PinningUITestsLaunchTests.swift; sourceTree = "<group>"; };
		1EE1A5E32CB022A800B89E46 /* NetworkManagerAlamofire.swift */ = {isa = PBXFileReference; lastKnownFileType = sourcecode.swift; path = NetworkManagerAlamofire.swift; sourceTree = "<group>"; };
		1EE1A5E52CB0238F00B89E46 /* NetworkManagerURLSession.swift */ = {isa = PBXFileReference; lastKnownFileType = sourcecode.swift; path = NetworkManagerURLSession.swift; sourceTree = "<group>"; };
		1EE1A5EA2CB025A300B89E46 /* WeatherModel.swift */ = {isa = PBXFileReference; lastKnownFileType = sourcecode.swift; path = WeatherModel.swift; sourceTree = "<group>"; };
		1EE1A5ED2CB029BF00B89E46 /* Constants.swift */ = {isa = PBXFileReference; lastKnownFileType = sourcecode.swift; path = Constants.swift; sourceTree = "<group>"; };
		499E5A0975FE1249EB422D38 /* Pods-SSL PinningTests.release.xcconfig */ = {isa = PBXFileReference; includeInIndex = 1; lastKnownFileType = text.xcconfig; name = "Pods-SSL PinningTests.release.xcconfig"; path = "Target Support Files/Pods-SSL PinningTests/Pods-SSL PinningTests.release.xcconfig"; sourceTree = "<group>"; };
		577B1B3A1B89B15882E330E0 /* Pods-SSL PinningTests.debug.xcconfig */ = {isa = PBXFileReference; includeInIndex = 1; lastKnownFileType = text.xcconfig; name = "Pods-SSL PinningTests.debug.xcconfig"; path = "Target Support Files/Pods-SSL PinningTests/Pods-SSL PinningTests.debug.xcconfig"; sourceTree = "<group>"; };
		7E3A85840A4878259C183B71 /* Pods-SSL Pinning.release.xcconfig */ = {isa = PBXFileReference; includeInIndex = 1; lastKnownFileType = text.xcconfig; name = "Pods-SSL Pinning.release.xcconfig"; path = "Target Support Files/Pods-SSL Pinning/Pods-SSL Pinning.release.xcconfig"; sourceTree = "<group>"; };
		83A347ED3EC4B5E904797243 /* Pods_SSL_Pinning_SSL_PinningUITests.framework */ = {isa = PBXFileReference; explicitFileType = wrapper.framework; includeInIndex = 0; path = Pods_SSL_Pinning_SSL_PinningUITests.framework; sourceTree = BUILT_PRODUCTS_DIR; };
		8D9E6FFCBDCBCB5EFE3F2A48 /* Pods_SSL_Pinning.framework */ = {isa = PBXFileReference; explicitFileType = wrapper.framework; includeInIndex = 0; path = Pods_SSL_Pinning.framework; sourceTree = BUILT_PRODUCTS_DIR; };
		D678848E399B5F956DD25421 /* Pods-SSL Pinning-SSL PinningUITests.release.xcconfig */ = {isa = PBXFileReference; includeInIndex = 1; lastKnownFileType = text.xcconfig; name = "Pods-SSL Pinning-SSL PinningUITests.release.xcconfig"; path = "Target Support Files/Pods-SSL Pinning-SSL PinningUITests/Pods-SSL Pinning-SSL PinningUITests.release.xcconfig"; sourceTree = "<group>"; };
		DD0CD6606668146C7DD2A45C /* Pods-SSL Pinning-SSL PinningUITests.debug.xcconfig */ = {isa = PBXFileReference; includeInIndex = 1; lastKnownFileType = text.xcconfig; name = "Pods-SSL Pinning-SSL PinningUITests.debug.xcconfig"; path = "Target Support Files/Pods-SSL Pinning-SSL PinningUITests/Pods-SSL Pinning-SSL PinningUITests.debug.xcconfig"; sourceTree = "<group>"; };
		F633AFB006E07DFB03A587CA /* Pods-SSL Pinning.debug.xcconfig */ = {isa = PBXFileReference; includeInIndex = 1; lastKnownFileType = text.xcconfig; name = "Pods-SSL Pinning.debug.xcconfig"; path = "Target Support Files/Pods-SSL Pinning/Pods-SSL Pinning.debug.xcconfig"; sourceTree = "<group>"; };
/* End PBXFileReference section */

/* Begin PBXFrameworksBuildPhase section */
		1EE1A5A22CB020C000B89E46 /* Frameworks */ = {
			isa = PBXFrameworksBuildPhase;
			buildActionMask = 2147483647;
			files = (
				8B6758D7E0658745945BB695 /* Pods_SSL_Pinning.framework in Frameworks */,
				1EB276732CB1BE000035D2EA /* TrustKit in Frameworks */,
				1EB276772CB1BE000035D2EA /* TrustKitStatic in Frameworks */,
				1EB2766E2CB1BD880035D2EA /* Alamofire in Frameworks */,
			);
			runOnlyForDeploymentPostprocessing = 0;
		};
		1EE1A5B82CB020C200B89E46 /* Frameworks */ = {
			isa = PBXFrameworksBuildPhase;
			buildActionMask = 2147483647;
			files = (
				7E47E52DF0BF4909A9ABDE7E /* Pods_SSL_PinningTests.framework in Frameworks */,
			);
			runOnlyForDeploymentPostprocessing = 0;
		};
		1EE1A5C22CB020C200B89E46 /* Frameworks */ = {
			isa = PBXFrameworksBuildPhase;
			buildActionMask = 2147483647;
			files = (
				8A65AEF097325D721E72A5A3 /* Pods_SSL_Pinning_SSL_PinningUITests.framework in Frameworks */,
			);
			runOnlyForDeploymentPostprocessing = 0;
		};
/* End PBXFrameworksBuildPhase section */

/* Begin PBXGroup section */
		1EE1A59C2CB020C000B89E46 = {
			isa = PBXGroup;
			children = (
				1EE1A5A72CB020C000B89E46 /* SSL Pinning */,
				1EE1A5BE2CB020C200B89E46 /* SSL PinningTests */,
				1EE1A5C82CB020C200B89E46 /* SSL PinningUITests */,
				1EE1A5A62CB020C000B89E46 /* Products */,
				89280107BAAB6AB0478C0CA8 /* Pods */,
				D745922637655D73C8A35033 /* Frameworks */,
			);
			sourceTree = "<group>";
		};
		1EE1A5A62CB020C000B89E46 /* Products */ = {
			isa = PBXGroup;
			children = (
				1EE1A5A52CB020C000B89E46 /* SSL Pinning.app */,
				1EE1A5BB2CB020C200B89E46 /* SSL PinningTests.xctest */,
				1EE1A5C52CB020C200B89E46 /* SSL PinningUITests.xctest */,
			);
			name = Products;
			sourceTree = "<group>";
		};
		1EE1A5A72CB020C000B89E46 /* SSL Pinning */ = {
			isa = PBXGroup;
			children = (
				1EE1A5EC2CB029B100B89E46 /* Constants */,
				1EE1A5DC2CB0221100B89E46 /* Networking */,
				1EE1A5DB2CB021D800B89E46 /* StoryBoards */,
				1EE1A5DA2CB021CB00B89E46 /* Resources */,
				1EE1A5D92CB021BC00B89E46 /* Scenes */,
				1EE1A5D82CB021AF00B89E46 /* Core */,
				1EE1A5B62CB020C200B89E46 /* Info.plist */,
			);
			path = "SSL Pinning";
			sourceTree = "<group>";
		};
		1EE1A5BE2CB020C200B89E46 /* SSL PinningTests */ = {
			isa = PBXGroup;
			children = (
				1EE1A5BF2CB020C200B89E46 /* SSL_PinningTests.swift */,
			);
			path = "SSL PinningTests";
			sourceTree = "<group>";
		};
		1EE1A5C82CB020C200B89E46 /* SSL PinningUITests */ = {
			isa = PBXGroup;
			children = (
				1EE1A5C92CB020C200B89E46 /* SSL_PinningUITests.swift */,
				1EE1A5CB2CB020C200B89E46 /* SSL_PinningUITestsLaunchTests.swift */,
			);
			path = "SSL PinningUITests";
			sourceTree = "<group>";
		};
		1EE1A5D82CB021AF00B89E46 /* Core */ = {
			isa = PBXGroup;
			children = (
				1EE1A5A82CB020C000B89E46 /* AppDelegate.swift */,
				1EE1A5AA2CB020C000B89E46 /* SceneDelegate.swift */,
			);
			path = Core;
			sourceTree = "<group>";
		};
		1EE1A5D92CB021BC00B89E46 /* Scenes */ = {
			isa = PBXGroup;
			children = (
				1EE1A5E72CB0257400B89E46 /* MainVC */,
			);
			path = Scenes;
			sourceTree = "<group>";
		};
		1EE1A5DA2CB021CB00B89E46 /* Resources */ = {
			isa = PBXGroup;
			children = (
				1EE1A5B12CB020C200B89E46 /* Assets.xcassets */,
			);
			path = Resources;
			sourceTree = "<group>";
		};
		1EE1A5DB2CB021D800B89E46 /* StoryBoards */ = {
			isa = PBXGroup;
			children = (
				1EE1A5AE2CB020C000B89E46 /* Main.storyboard */,
				1EE1A5B32CB020C200B89E46 /* LaunchScreen.storyboard */,
			);
			path = StoryBoards;
			sourceTree = "<group>";
		};
		1EE1A5DC2CB0221100B89E46 /* Networking */ = {
			isa = PBXGroup;
			children = (
				1EE1A5E12CB0224C00B89E46 /* TrustKit */,
				1EE1A5E02CB0224200B89E46 /* URLSession */,
				1EE1A5DF2CB0223A00B89E46 /* Alamofire */,
			);
			path = Networking;
			sourceTree = "<group>";
		};
		1EE1A5DF2CB0223A00B89E46 /* Alamofire */ = {
			isa = PBXGroup;
			children = (
				1EE1A5E32CB022A800B89E46 /* NetworkManagerAlamofire.swift */,
			);
			path = Alamofire;
			sourceTree = "<group>";
		};
		1EE1A5E02CB0224200B89E46 /* URLSession */ = {
			isa = PBXGroup;
			children = (
				1EE1A5E52CB0238F00B89E46 /* NetworkManagerURLSession.swift */,
			);
			path = URLSession;
			sourceTree = "<group>";
		};
		1EE1A5E12CB0224C00B89E46 /* TrustKit */ = {
			isa = PBXGroup;
			children = (
				1EB276782CB317BA0035D2EA /* CertificatePinner.swift */,
			);
			path = TrustKit;
			sourceTree = "<group>";
		};
		1EE1A5E72CB0257400B89E46 /* MainVC */ = {
			isa = PBXGroup;
			children = (
				1EE1A5E92CB0259100B89E46 /* Model */,
				1EE1A5E82CB0258A00B89E46 /* View */,
			);
			path = MainVC;
			sourceTree = "<group>";
		};
		1EE1A5E82CB0258A00B89E46 /* View */ = {
			isa = PBXGroup;
			children = (
				1EE1A5AC2CB020C000B89E46 /* ViewController.swift */,
			);
			path = View;
			sourceTree = "<group>";
		};
		1EE1A5E92CB0259100B89E46 /* Model */ = {
			isa = PBXGroup;
			children = (
				1EE1A5EA2CB025A300B89E46 /* WeatherModel.swift */,
			);
			path = Model;
			sourceTree = "<group>";
		};
		1EE1A5EC2CB029B100B89E46 /* Constants */ = {
			isa = PBXGroup;
			children = (
				1E0362732DD2B4E0000A7252 /* *.openweathermap.org.cer */,
				1EE1A5ED2CB029BF00B89E46 /* Constants.swift */,
			);
			path = Constants;
			sourceTree = "<group>";
		};
		89280107BAAB6AB0478C0CA8 /* Pods */ = {
			isa = PBXGroup;
			children = (
				F633AFB006E07DFB03A587CA /* Pods-SSL Pinning.debug.xcconfig */,
				7E3A85840A4878259C183B71 /* Pods-SSL Pinning.release.xcconfig */,
				DD0CD6606668146C7DD2A45C /* Pods-SSL Pinning-SSL PinningUITests.debug.xcconfig */,
				D678848E399B5F956DD25421 /* Pods-SSL Pinning-SSL PinningUITests.release.xcconfig */,
				577B1B3A1B89B15882E330E0 /* Pods-SSL PinningTests.debug.xcconfig */,
				499E5A0975FE1249EB422D38 /* Pods-SSL PinningTests.release.xcconfig */,
			);
			path = Pods;
			sourceTree = "<group>";
		};
		D745922637655D73C8A35033 /* Frameworks */ = {
			isa = PBXGroup;
			children = (
				8D9E6FFCBDCBCB5EFE3F2A48 /* Pods_SSL_Pinning.framework */,
				83A347ED3EC4B5E904797243 /* Pods_SSL_Pinning_SSL_PinningUITests.framework */,
				1406E68EF812562310179DC1 /* Pods_SSL_PinningTests.framework */,
			);
			name = Frameworks;
			sourceTree = "<group>";
		};
/* End PBXGroup section */

/* Begin PBXNativeTarget section */
		1EE1A5A42CB020C000B89E46 /* SSL Pinning */ = {
			isa = PBXNativeTarget;
			buildConfigurationList = 1EE1A5CF2CB020C200B89E46 /* Build configuration list for PBXNativeTarget "SSL Pinning" */;
			buildPhases = (
				9224C542ADADCE0B515434BE /* [CP] Check Pods Manifest.lock */,
				1EE1A5A12CB020C000B89E46 /* Sources */,
				1EE1A5A22CB020C000B89E46 /* Frameworks */,
				1EE1A5A32CB020C000B89E46 /* Resources */,
			);
			buildRules = (
			);
			dependencies = (
			);
			name = "SSL Pinning";
			packageProductDependencies = (
				1EB2766D2CB1BD880035D2EA /* Alamofire */,
				1EB276722CB1BE000035D2EA /* TrustKit */,
				1EB276762CB1BE000035D2EA /* TrustKitStatic */,
			);
			productName = "SSL Pinning";
			productReference = 1EE1A5A52CB020C000B89E46 /* SSL Pinning.app */;
			productType = "com.apple.product-type.application";
		};
		1EE1A5BA2CB020C200B89E46 /* SSL PinningTests */ = {
			isa = PBXNativeTarget;
			buildConfigurationList = 1EE1A5D22CB020C200B89E46 /* Build configuration list for PBXNativeTarget "SSL PinningTests" */;
			buildPhases = (
				9E430AEB32F0EB0A326B087A /* [CP] Check Pods Manifest.lock */,
				1EE1A5B72CB020C200B89E46 /* Sources */,
				1EE1A5B82CB020C200B89E46 /* Frameworks */,
				1EE1A5B92CB020C200B89E46 /* Resources */,
			);
			buildRules = (
			);
			dependencies = (
				1EE1A5BD2CB020C200B89E46 /* PBXTargetDependency */,
			);
			name = "SSL PinningTests";
			productName = "SSL PinningTests";
			productReference = 1EE1A5BB2CB020C200B89E46 /* SSL PinningTests.xctest */;
			productType = "com.apple.product-type.bundle.unit-test";
		};
		1EE1A5C42CB020C200B89E46 /* SSL PinningUITests */ = {
			isa = PBXNativeTarget;
			buildConfigurationList = 1EE1A5D52CB020C200B89E46 /* Build configuration list for PBXNativeTarget "SSL PinningUITests" */;
			buildPhases = (
				3E79A8183578A3C3205B6096 /* [CP] Check Pods Manifest.lock */,
				1EE1A5C12CB020C200B89E46 /* Sources */,
				1EE1A5C22CB020C200B89E46 /* Frameworks */,
				1EE1A5C32CB020C200B89E46 /* Resources */,
			);
			buildRules = (
			);
			dependencies = (
				1EE1A5C72CB020C200B89E46 /* PBXTargetDependency */,
			);
			name = "SSL PinningUITests";
			productName = "SSL PinningUITests";
			productReference = 1EE1A5C52CB020C200B89E46 /* SSL PinningUITests.xctest */;
			productType = "com.apple.product-type.bundle.ui-testing";
		};
/* End PBXNativeTarget section */

/* Begin PBXProject section */
		1EE1A59D2CB020C000B89E46 /* Project object */ = {
			isa = PBXProject;
			attributes = {
				BuildIndependentTargetsInParallel = 1;
				LastSwiftUpdateCheck = 1540;
				LastUpgradeCheck = 1540;
				TargetAttributes = {
					1EE1A5A42CB020C000B89E46 = {
						CreatedOnToolsVersion = 15.4;
					};
					1EE1A5BA2CB020C200B89E46 = {
						CreatedOnToolsVersion = 15.4;
						TestTargetID = 1EE1A5A42CB020C000B89E46;
					};
					1EE1A5C42CB020C200B89E46 = {
						CreatedOnToolsVersion = 15.4;
						TestTargetID = 1EE1A5A42CB020C000B89E46;
					};
				};
			};
			buildConfigurationList = 1EE1A5A02CB020C000B89E46 /* Build configuration list for PBXProject "SSL Pinning" */;
			compatibilityVersion = "Xcode 14.0";
			developmentRegion = en;
			hasScannedForEncodings = 0;
			knownRegions = (
				en,
				Base,
			);
			mainGroup = 1EE1A59C2CB020C000B89E46;
			packageReferences = (
				1EB2766C2CB1BD880035D2EA /* XCRemoteSwiftPackageReference "Alamofire" */,
				1EB276712CB1BE000035D2EA /* XCRemoteSwiftPackageReference "TrustKit" */,
			);
			productRefGroup = 1EE1A5A62CB020C000B89E46 /* Products */;
			projectDirPath = "";
			projectRoot = "";
			targets = (
				1EE1A5A42CB020C000B89E46 /* SSL Pinning */,
				1EE1A5BA2CB020C200B89E46 /* SSL PinningTests */,
				1EE1A5C42CB020C200B89E46 /* SSL PinningUITests */,
			);
		};
/* End PBXProject section */

/* Begin PBXResourcesBuildPhase section */
		1EE1A5A32CB020C000B89E46 /* Resources */ = {
			isa = PBXResourcesBuildPhase;
			buildActionMask = 2147483647;
			files = (
				1EE1A5B22CB020C200B89E46 /* Assets.xcassets in Resources */,
				1EE1A5B52CB020C200B89E46 /* Base in Resources */,
				1E0362742DD2B4E0000A7252 /* *.openweathermap.org.cer in Resources */,
				1EE1A5B02CB020C000B89E46 /* Base in Resources */,
			);
			runOnlyForDeploymentPostprocessing = 0;
		};
		1EE1A5B92CB020C200B89E46 /* Resources */ = {
			isa = PBXResourcesBuildPhase;
			buildActionMask = 2147483647;
			files = (
			);
			runOnlyForDeploymentPostprocessing = 0;
		};
		1EE1A5C32CB020C200B89E46 /* Resources */ = {
			isa = PBXResourcesBuildPhase;
			buildActionMask = 2147483647;
			files = (
			);
			runOnlyForDeploymentPostprocessing = 0;
		};
/* End PBXResourcesBuildPhase section */

/* Begin PBXShellScriptBuildPhase section */
		3E79A8183578A3C3205B6096 /* [CP] Check Pods Manifest.lock */ = {
			isa = PBXShellScriptBuildPhase;
			buildActionMask = 2147483647;
			files = (
			);
			inputFileListPaths = (
			);
			inputPaths = (
				"${PODS_PODFILE_DIR_PATH}/Podfile.lock",
				"${PODS_ROOT}/Manifest.lock",
			);
			name = "[CP] Check Pods Manifest.lock";
			outputFileListPaths = (
			);
			outputPaths = (
				"$(DERIVED_FILE_DIR)/Pods-SSL Pinning-SSL PinningUITests-checkManifestLockResult.txt",
			);
			runOnlyForDeploymentPostprocessing = 0;
			shellPath = /bin/sh;
			shellScript = "diff \"${PODS_PODFILE_DIR_PATH}/Podfile.lock\" \"${PODS_ROOT}/Manifest.lock\" > /dev/null\nif [ $? != 0 ] ; then\n    # print error to STDERR\n    echo \"error: The sandbox is not in sync with the Podfile.lock. Run 'pod install' or update your CocoaPods installation.\" >&2\n    exit 1\nfi\n# This output is used by Xcode 'outputs' to avoid re-running this script phase.\necho \"SUCCESS\" > \"${SCRIPT_OUTPUT_FILE_0}\"\n";
			showEnvVarsInLog = 0;
		};
		9224C542ADADCE0B515434BE /* [CP] Check Pods Manifest.lock */ = {
			isa = PBXShellScriptBuildPhase;
			buildActionMask = 2147483647;
			files = (
			);
			inputFileListPaths = (
			);
			inputPaths = (
				"${PODS_PODFILE_DIR_PATH}/Podfile.lock",
				"${PODS_ROOT}/Manifest.lock",
			);
			name = "[CP] Check Pods Manifest.lock";
			outputFileListPaths = (
			);
			outputPaths = (
				"$(DERIVED_FILE_DIR)/Pods-SSL Pinning-checkManifestLockResult.txt",
			);
			runOnlyForDeploymentPostprocessing = 0;
			shellPath = /bin/sh;
			shellScript = "diff \"${PODS_PODFILE_DIR_PATH}/Podfile.lock\" \"${PODS_ROOT}/Manifest.lock\" > /dev/null\nif [ $? != 0 ] ; then\n    # print error to STDERR\n    echo \"error: The sandbox is not in sync with the Podfile.lock. Run 'pod install' or update your CocoaPods installation.\" >&2\n    exit 1\nfi\n# This output is used by Xcode 'outputs' to avoid re-running this script phase.\necho \"SUCCESS\" > \"${SCRIPT_OUTPUT_FILE_0}\"\n";
			showEnvVarsInLog = 0;
		};
		9E430AEB32F0EB0A326B087A /* [CP] Check Pods Manifest.lock */ = {
			isa = PBXShellScriptBuildPhase;
			buildActionMask = 2147483647;
			files = (
			);
			inputFileListPaths = (
			);
			inputPaths = (
				"${PODS_PODFILE_DIR_PATH}/Podfile.lock",
				"${PODS_ROOT}/Manifest.lock",
			);
			name = "[CP] Check Pods Manifest.lock";
			outputFileListPaths = (
			);
			outputPaths = (
				"$(DERIVED_FILE_DIR)/Pods-SSL PinningTests-checkManifestLockResult.txt",
			);
			runOnlyForDeploymentPostprocessing = 0;
			shellPath = /bin/sh;
			shellScript = "diff \"${PODS_PODFILE_DIR_PATH}/Podfile.lock\" \"${PODS_ROOT}/Manifest.lock\" > /dev/null\nif [ $? != 0 ] ; then\n    # print error to STDERR\n    echo \"error: The sandbox is not in sync with the Podfile.lock. Run 'pod install' or update your CocoaPods installation.\" >&2\n    exit 1\nfi\n# This output is used by Xcode 'outputs' to avoid re-running this script phase.\necho \"SUCCESS\" > \"${SCRIPT_OUTPUT_FILE_0}\"\n";
			showEnvVarsInLog = 0;
		};
/* End PBXShellScriptBuildPhase section */

/* Begin PBXSourcesBuildPhase section */
		1EE1A5A12CB020C000B89E46 /* Sources */ = {
			isa = PBXSourcesBuildPhase;
			buildActionMask = 2147483647;
			files = (
				1EE1A5E62CB0238F00B89E46 /* NetworkManagerURLSession.swift in Sources */,
				1EB276792CB317BA0035D2EA /* CertificatePinner.swift in Sources */,
				1EE1A5AD2CB020C000B89E46 /* ViewController.swift in Sources */,
				1EE1A5E42CB022A800B89E46 /* NetworkManagerAlamofire.swift in Sources */,
				1EE1A5A92CB020C000B89E46 /* AppDelegate.swift in Sources */,
				1EE1A5EE2CB029BF00B89E46 /* Constants.swift in Sources */,
				1EE1A5EB2CB025A300B89E46 /* WeatherModel.swift in Sources */,
				1EE1A5AB2CB020C000B89E46 /* SceneDelegate.swift in Sources */,
			);
			runOnlyForDeploymentPostprocessing = 0;
		};
		1EE1A5B72CB020C200B89E46 /* Sources */ = {
			isa = PBXSourcesBuildPhase;
			buildActionMask = 2147483647;
			files = (
				1EE1A5C02CB020C200B89E46 /* SSL_PinningTests.swift in Sources */,
			);
			runOnlyForDeploymentPostprocessing = 0;
		};
		1EE1A5C12CB020C200B89E46 /* Sources */ = {
			isa = PBXSourcesBuildPhase;
			buildActionMask = 2147483647;
			files = (
				1EE1A5CA2CB020C200B89E46 /* SSL_PinningUITests.swift in Sources */,
				1EE1A5CC2CB020C200B89E46 /* SSL_PinningUITestsLaunchTests.swift in Sources */,
			);
			runOnlyForDeploymentPostprocessing = 0;
		};
/* End PBXSourcesBuildPhase section */

/* Begin PBXTargetDependency section */
		1EE1A5BD2CB020C200B89E46 /* PBXTargetDependency */ = {
			isa = PBXTargetDependency;
			target = 1EE1A5A42CB020C000B89E46 /* SSL Pinning */;
			targetProxy = 1EE1A5BC2CB020C200B89E46 /* PBXContainerItemProxy */;
		};
		1EE1A5C72CB020C200B89E46 /* PBXTargetDependency */ = {
			isa = PBXTargetDependency;
			target = 1EE1A5A42CB020C000B89E46 /* SSL Pinning */;
			targetProxy = 1EE1A5C62CB020C200B89E46 /* PBXContainerItemProxy */;
		};
/* End PBXTargetDependency section */

/* Begin PBXVariantGroup section */
		1EE1A5AE2CB020C000B89E46 /* Main.storyboard */ = {
			isa = PBXVariantGroup;
			children = (
				1EE1A5AF2CB020C000B89E46 /* Base */,
			);
			name = Main.storyboard;
			sourceTree = "<group>";
		};
		1EE1A5B32CB020C200B89E46 /* LaunchScreen.storyboard */ = {
			isa = PBXVariantGroup;
			children = (
				1EE1A5B42CB020C200B89E46 /* Base */,
			);
			name = LaunchScreen.storyboard;
			sourceTree = "<group>";
		};
/* End PBXVariantGroup section */

/* Begin XCBuildConfiguration section */
		1EE1A5CD2CB020C200B89E46 /* Debug */ = {
			isa = XCBuildConfiguration;
			buildSettings = {
				ALWAYS_SEARCH_USER_PATHS = NO;
				ASSETCATALOG_COMPILER_GENERATE_SWIFT_ASSET_SYMBOL_EXTENSIONS = YES;
				CLANG_ANALYZER_NONNULL = YES;
				CLANG_ANALYZER_NUMBER_OBJECT_CONVERSION = YES_AGGRESSIVE;
				CLANG_CXX_LANGUAGE_STANDARD = "gnu++20";
				CLANG_ENABLE_MODULES = YES;
				CLANG_ENABLE_OBJC_ARC = YES;
				CLANG_ENABLE_OBJC_WEAK = YES;
				CLANG_WARN_BLOCK_CAPTURE_AUTORELEASING = YES;
				CLANG_WARN_BOOL_CONVERSION = YES;
				CLANG_WARN_COMMA = YES;
				CLANG_WARN_CONSTANT_CONVERSION = YES;
				CLANG_WARN_DEPRECATED_OBJC_IMPLEMENTATIONS = YES;
				CLANG_WARN_DIRECT_OBJC_ISA_USAGE = YES_ERROR;
				CLANG_WARN_DOCUMENTATION_COMMENTS = YES;
				CLANG_WARN_EMPTY_BODY = YES;
				CLANG_WARN_ENUM_CONVERSION = YES;
				CLANG_WARN_INFINITE_RECURSION = YES;
				CLANG_WARN_INT_CONVERSION = YES;
				CLANG_WARN_NON_LITERAL_NULL_CONVERSION = YES;
				CLANG_WARN_OBJC_IMPLICIT_RETAIN_SELF = YES;
				CLANG_WARN_OBJC_LITERAL_CONVERSION = YES;
				CLANG_WARN_OBJC_ROOT_CLASS = YES_ERROR;
				CLANG_WARN_QUOTED_INCLUDE_IN_FRAMEWORK_HEADER = YES;
				CLANG_WARN_RANGE_LOOP_ANALYSIS = YES;
				CLANG_WARN_STRICT_PROTOTYPES = YES;
				CLANG_WARN_SUSPICIOUS_MOVE = YES;
				CLANG_WARN_UNGUARDED_AVAILABILITY = YES_AGGRESSIVE;
				CLANG_WARN_UNREACHABLE_CODE = YES;
				CLANG_WARN__DUPLICATE_METHOD_MATCH = YES;
				COPY_PHASE_STRIP = NO;
				DEBUG_INFORMATION_FORMAT = dwarf;
				ENABLE_STRICT_OBJC_MSGSEND = YES;
				ENABLE_TESTABILITY = YES;
				ENABLE_USER_SCRIPT_SANDBOXING = YES;
				GCC_C_LANGUAGE_STANDARD = gnu17;
				GCC_DYNAMIC_NO_PIC = NO;
				GCC_NO_COMMON_BLOCKS = YES;
				GCC_OPTIMIZATION_LEVEL = 0;
				GCC_PREPROCESSOR_DEFINITIONS = (
					"DEBUG=1",
					"$(inherited)",
				);
				GCC_WARN_64_TO_32_BIT_CONVERSION = YES;
				GCC_WARN_ABOUT_RETURN_TYPE = YES_ERROR;
				GCC_WARN_UNDECLARED_SELECTOR = YES;
				GCC_WARN_UNINITIALIZED_AUTOS = YES_AGGRESSIVE;
				GCC_WARN_UNUSED_FUNCTION = YES;
				GCC_WARN_UNUSED_VARIABLE = YES;
				IPHONEOS_DEPLOYMENT_TARGET = 17.5;
				LOCALIZATION_PREFERS_STRING_CATALOGS = YES;
				MTL_ENABLE_DEBUG_INFO = INCLUDE_SOURCE;
				MTL_FAST_MATH = YES;
				ONLY_ACTIVE_ARCH = YES;
				SDKROOT = iphoneos;
				SWIFT_ACTIVE_COMPILATION_CONDITIONS = "DEBUG $(inherited)";
				SWIFT_OPTIMIZATION_LEVEL = "-Onone";
			};
			name = Debug;
		};
		1EE1A5CE2CB020C200B89E46 /* Release */ = {
			isa = XCBuildConfiguration;
			buildSettings = {
				ALWAYS_SEARCH_USER_PATHS = NO;
				ASSETCATALOG_COMPILER_GENERATE_SWIFT_ASSET_SYMBOL_EXTENSIONS = YES;
				CLANG_ANALYZER_NONNULL = YES;
				CLANG_ANALYZER_NUMBER_OBJECT_CONVERSION = YES_AGGRESSIVE;
				CLANG_CXX_LANGUAGE_STANDARD = "gnu++20";
				CLANG_ENABLE_MODULES = YES;
				CLANG_ENABLE_OBJC_ARC = YES;
				CLANG_ENABLE_OBJC_WEAK = YES;
				CLANG_WARN_BLOCK_CAPTURE_AUTORELEASING = YES;
				CLANG_WARN_BOOL_CONVERSION = YES;
				CLANG_WARN_COMMA = YES;
				CLANG_WARN_CONSTANT_CONVERSION = YES;
				CLANG_WARN_DEPRECATED_OBJC_IMPLEMENTATIONS = YES;
				CLANG_WARN_DIRECT_OBJC_ISA_USAGE = YES_ERROR;
				CLANG_WARN_DOCUMENTATION_COMMENTS = YES;
				CLANG_WARN_EMPTY_BODY = YES;
				CLANG_WARN_ENUM_CONVERSION = YES;
				CLANG_WARN_INFINITE_RECURSION = YES;
				CLANG_WARN_INT_CONVERSION = YES;
				CLANG_WARN_NON_LITERAL_NULL_CONVERSION = YES;
				CLANG_WARN_OBJC_IMPLICIT_RETAIN_SELF = YES;
				CLANG_WARN_OBJC_LITERAL_CONVERSION = YES;
				CLANG_WARN_OBJC_ROOT_CLASS = YES_ERROR;
				CLANG_WARN_QUOTED_INCLUDE_IN_FRAMEWORK_HEADER = YES;
				CLANG_WARN_RANGE_LOOP_ANALYSIS = YES;
				CLANG_WARN_STRICT_PROTOTYPES = YES;
				CLANG_WARN_SUSPICIOUS_MOVE = YES;
				CLANG_WARN_UNGUARDED_AVAILABILITY = YES_AGGRESSIVE;
				CLANG_WARN_UNREACHABLE_CODE = YES;
				CLANG_WARN__DUPLICATE_METHOD_MATCH = YES;
				COPY_PHASE_STRIP = NO;
				DEBUG_INFORMATION_FORMAT = "dwarf-with-dsym";
				ENABLE_NS_ASSERTIONS = NO;
				ENABLE_STRICT_OBJC_MSGSEND = YES;
				ENABLE_USER_SCRIPT_SANDBOXING = YES;
				GCC_C_LANGUAGE_STANDARD = gnu17;
				GCC_NO_COMMON_BLOCKS = YES;
				GCC_WARN_64_TO_32_BIT_CONVERSION = YES;
				GCC_WARN_ABOUT_RETURN_TYPE = YES_ERROR;
				GCC_WARN_UNDECLARED_SELECTOR = YES;
				GCC_WARN_UNINITIALIZED_AUTOS = YES_AGGRESSIVE;
				GCC_WARN_UNUSED_FUNCTION = YES;
				GCC_WARN_UNUSED_VARIABLE = YES;
				IPHONEOS_DEPLOYMENT_TARGET = 17.5;
				LOCALIZATION_PREFERS_STRING_CATALOGS = YES;
				MTL_ENABLE_DEBUG_INFO = NO;
				MTL_FAST_MATH = YES;
				SDKROOT = iphoneos;
				SWIFT_COMPILATION_MODE = wholemodule;
				VALIDATE_PRODUCT = YES;
			};
			name = Release;
		};
		1EE1A5D02CB020C200B89E46 /* Debug */ = {
			isa = XCBuildConfiguration;
			baseConfigurationReference = F633AFB006E07DFB03A587CA /* Pods-SSL Pinning.debug.xcconfig */;
			buildSettings = {
				ASSETCATALOG_COMPILER_APPICON_NAME = AppIcon;
				ASSETCATALOG_COMPILER_GLOBAL_ACCENT_COLOR_NAME = AccentColor;
				CODE_SIGN_STYLE = Automatic;
				CURRENT_PROJECT_VERSION = 1;
				GENERATE_INFOPLIST_FILE = YES;
				INFOPLIST_FILE = "SSL Pinning/Info.plist";
				INFOPLIST_KEY_UIApplicationSupportsIndirectInputEvents = YES;
				INFOPLIST_KEY_UILaunchStoryboardName = LaunchScreen;
				INFOPLIST_KEY_UIMainStoryboardFile = Main;
				INFOPLIST_KEY_UISupportedInterfaceOrientations_iPad = "UIInterfaceOrientationPortrait UIInterfaceOrientationPortraitUpsideDown UIInterfaceOrientationLandscapeLeft UIInterfaceOrientationLandscapeRight";
				INFOPLIST_KEY_UISupportedInterfaceOrientations_iPhone = "UIInterfaceOrientationPortrait UIInterfaceOrientationLandscapeLeft UIInterfaceOrientationLandscapeRight";
				LD_RUNPATH_SEARCH_PATHS = (
					"$(inherited)",
					"@executable_path/Frameworks",
				);
				MARKETING_VERSION = 1.0;
				PRODUCT_BUNDLE_IDENTIFIER = "com.SSL-Pinning";
				PRODUCT_NAME = "$(TARGET_NAME)";
				SWIFT_EMIT_LOC_STRINGS = YES;
				SWIFT_VERSION = 5.0;
				TARGETED_DEVICE_FAMILY = "1,2";
			};
			name = Debug;
		};
		1EE1A5D12CB020C200B89E46 /* Release */ = {
			isa = XCBuildConfiguration;
			baseConfigurationReference = 7E3A85840A4878259C183B71 /* Pods-SSL Pinning.release.xcconfig */;
			buildSettings = {
				ASSETCATALOG_COMPILER_APPICON_NAME = AppIcon;
				ASSETCATALOG_COMPILER_GLOBAL_ACCENT_COLOR_NAME = AccentColor;
				CODE_SIGN_STYLE = Automatic;
				CURRENT_PROJECT_VERSION = 1;
				GENERATE_INFOPLIST_FILE = YES;
				INFOPLIST_FILE = "SSL Pinning/Info.plist";
				INFOPLIST_KEY_UIApplicationSupportsIndirectInputEvents = YES;
				INFOPLIST_KEY_UILaunchStoryboardName = LaunchScreen;
				INFOPLIST_KEY_UIMainStoryboardFile = Main;
				INFOPLIST_KEY_UISupportedInterfaceOrientations_iPad = "UIInterfaceOrientationPortrait UIInterfaceOrientationPortraitUpsideDown UIInterfaceOrientationLandscapeLeft UIInterfaceOrientationLandscapeRight";
				INFOPLIST_KEY_UISupportedInterfaceOrientations_iPhone = "UIInterfaceOrientationPortrait UIInterfaceOrientationLandscapeLeft UIInterfaceOrientationLandscapeRight";
				LD_RUNPATH_SEARCH_PATHS = (
					"$(inherited)",
					"@executable_path/Frameworks",
				);
				MARKETING_VERSION = 1.0;
				PRODUCT_BUNDLE_IDENTIFIER = "com.SSL-Pinning";
				PRODUCT_NAME = "$(TARGET_NAME)";
				SWIFT_EMIT_LOC_STRINGS = YES;
				SWIFT_VERSION = 5.0;
				TARGETED_DEVICE_FAMILY = "1,2";
			};
			name = Release;
		};
		1EE1A5D32CB020C200B89E46 /* Debug */ = {
			isa = XCBuildConfiguration;
			baseConfigurationReference = 577B1B3A1B89B15882E330E0 /* Pods-SSL PinningTests.debug.xcconfig */;
			buildSettings = {
				ALWAYS_EMBED_SWIFT_STANDARD_LIBRARIES = YES;
				BUNDLE_LOADER = "$(TEST_HOST)";
				CODE_SIGN_STYLE = Automatic;
				CURRENT_PROJECT_VERSION = 1;
				GENERATE_INFOPLIST_FILE = YES;
				IPHONEOS_DEPLOYMENT_TARGET = 17.5;
				MARKETING_VERSION = 1.0;
				PRODUCT_BUNDLE_IDENTIFIER = "com.SSL-PinningTests";
				PRODUCT_NAME = "$(TARGET_NAME)";
				SWIFT_EMIT_LOC_STRINGS = NO;
				SWIFT_VERSION = 5.0;
				TARGETED_DEVICE_FAMILY = "1,2";
				TEST_HOST = "$(BUILT_PRODUCTS_DIR)/SSL Pinning.app/$(BUNDLE_EXECUTABLE_FOLDER_PATH)/SSL Pinning";
			};
			name = Debug;
		};
		1EE1A5D42CB020C200B89E46 /* Release */ = {
			isa = XCBuildConfiguration;
			baseConfigurationReference = 499E5A0975FE1249EB422D38 /* Pods-SSL PinningTests.release.xcconfig */;
			buildSettings = {
				ALWAYS_EMBED_SWIFT_STANDARD_LIBRARIES = YES;
				BUNDLE_LOADER = "$(TEST_HOST)";
				CODE_SIGN_STYLE = Automatic;
				CURRENT_PROJECT_VERSION = 1;
				GENERATE_INFOPLIST_FILE = YES;
				IPHONEOS_DEPLOYMENT_TARGET = 17.5;
				MARKETING_VERSION = 1.0;
				PRODUCT_BUNDLE_IDENTIFIER = "com.SSL-PinningTests";
				PRODUCT_NAME = "$(TARGET_NAME)";
				SWIFT_EMIT_LOC_STRINGS = NO;
				SWIFT_VERSION = 5.0;
				TARGETED_DEVICE_FAMILY = "1,2";
				TEST_HOST = "$(BUILT_PRODUCTS_DIR)/SSL Pinning.app/$(BUNDLE_EXECUTABLE_FOLDER_PATH)/SSL Pinning";
			};
			name = Release;
		};
		1EE1A5D62CB020C200B89E46 /* Debug */ = {
			isa = XCBuildConfiguration;
			baseConfigurationReference = DD0CD6606668146C7DD2A45C /* Pods-SSL Pinning-SSL PinningUITests.debug.xcconfig */;
			buildSettings = {
				ALWAYS_EMBED_SWIFT_STANDARD_LIBRARIES = YES;
				CODE_SIGN_STYLE = Automatic;
				CURRENT_PROJECT_VERSION = 1;
				GENERATE_INFOPLIST_FILE = YES;
				MARKETING_VERSION = 1.0;
				PRODUCT_BUNDLE_IDENTIFIER = "com.SSL-PinningUITests";
				PRODUCT_NAME = "$(TARGET_NAME)";
				SWIFT_EMIT_LOC_STRINGS = NO;
				SWIFT_VERSION = 5.0;
				TARGETED_DEVICE_FAMILY = "1,2";
				TEST_TARGET_NAME = "SSL Pinning";
			};
			name = Debug;
		};
		1EE1A5D72CB020C200B89E46 /* Release */ = {
			isa = XCBuildConfiguration;
			baseConfigurationReference = D678848E399B5F956DD25421 /* Pods-SSL Pinning-SSL PinningUITests.release.xcconfig */;
			buildSettings = {
				ALWAYS_EMBED_SWIFT_STANDARD_LIBRARIES = YES;
				CODE_SIGN_STYLE = Automatic;
				CURRENT_PROJECT_VERSION = 1;
				GENERATE_INFOPLIST_FILE = YES;
				MARKETING_VERSION = 1.0;
				PRODUCT_BUNDLE_IDENTIFIER = "com.SSL-PinningUITests";
				PRODUCT_NAME = "$(TARGET_NAME)";
				SWIFT_EMIT_LOC_STRINGS = NO;
				SWIFT_VERSION = 5.0;
				TARGETED_DEVICE_FAMILY = "1,2";
				TEST_TARGET_NAME = "SSL Pinning";
			};
			name = Release;
		};
/* End XCBuildConfiguration section */

/* Begin XCConfigurationList section */
		1EE1A5A02CB020C000B89E46 /* Build configuration list for PBXProject "SSL Pinning" */ = {
			isa = XCConfigurationList;
			buildConfigurations = (
				1EE1A5CD2CB020C200B89E46 /* Debug */,
				1EE1A5CE2CB020C200B89E46 /* Release */,
			);
			defaultConfigurationIsVisible = 0;
			defaultConfigurationName = Release;
		};
		1EE1A5CF2CB020C200B89E46 /* Build configuration list for PBXNativeTarget "SSL Pinning" */ = {
			isa = XCConfigurationList;
			buildConfigurations = (
				1EE1A5D02CB020C200B89E46 /* Debug */,
				1EE1A5D12CB020C200B89E46 /* Release */,
			);
			defaultConfigurationIsVisible = 0;
			defaultConfigurationName = Release;
		};
		1EE1A5D22CB020C200B89E46 /* Build configuration list for PBXNativeTarget "SSL PinningTests" */ = {
			isa = XCConfigurationList;
			buildConfigurations = (
				1EE1A5D32CB020C200B89E46 /* Debug */,
				1EE1A5D42CB020C200B89E46 /* Release */,
			);
			defaultConfigurationIsVisible = 0;
			defaultConfigurationName = Release;
		};
		1EE1A5D52CB020C200B89E46 /* Build configuration list for PBXNativeTarget "SSL PinningUITests" */ = {
			isa = XCConfigurationList;
			buildConfigurations = (
				1EE1A5D62CB020C200B89E46 /* Debug */,
				1EE1A5D72CB020C200B89E46 /* Release */,
			);
			defaultConfigurationIsVisible = 0;
			defaultConfigurationName = Release;
		};
/* End XCConfigurationList section */

/* Begin XCRemoteSwiftPackageReference section */
		1EB2766C2CB1BD880035D2EA /* XCRemoteSwiftPackageReference "Alamofire" */ = {
			isa = XCRemoteSwiftPackageReference;
			repositoryURL = "https://github.com/Alamofire/Alamofire.git";
			requirement = {
				kind = upToNextMajorVersion;
				minimumVersion = 5.9.1;
			};
		};
		1EB276712CB1BE000035D2EA /* XCRemoteSwiftPackageReference "TrustKit" */ = {
			isa = XCRemoteSwiftPackageReference;
			repositoryURL = "https://github.com/datatheorem/TrustKit";
			requirement = {
				kind = upToNextMajorVersion;
				minimumVersion = 3.0.5;
			};
		};
/* End XCRemoteSwiftPackageReference section */

/* Begin XCSwiftPackageProductDependency section */
		1EB2766D2CB1BD880035D2EA /* Alamofire */ = {
			isa = XCSwiftPackageProductDependency;
			package = 1EB2766C2CB1BD880035D2EA /* XCRemoteSwiftPackageReference "Alamofire" */;
			productName = Alamofire;
		};
		1EB276722CB1BE000035D2EA /* TrustKit */ = {
			isa = XCSwiftPackageProductDependency;
			package = 1EB276712CB1BE000035D2EA /* XCRemoteSwiftPackageReference "TrustKit" */;
			productName = TrustKit;
		};
		1EB276762CB1BE000035D2EA /* TrustKitStatic */ = {
			isa = XCSwiftPackageProductDependency;
			package = 1EB276712CB1BE000035D2EA /* XCRemoteSwiftPackageReference "TrustKit" */;
			productName = TrustKitStatic;
		};
/* End XCSwiftPackageProductDependency section */
	};
	rootObject = 1EE1A59D2CB020C000B89E46 /* Project object */;
}
